// !$*UTF8*$!
{
	archiveVersion = 1;
	classes = {
	};
	objectVersion = 46;
	objects = {

/* Begin PBXBuildFile section */
		5D08AEAD1C8461C2001F20F0 /* MessageCell.swift in Sources */ = {isa = PBXBuildFile; fileRef = 5D08AEAC1C8461C2001F20F0 /* MessageCell.swift */; };
		5D0B45BD1CC3B6AA0072859B /* CDHelper.swift in Sources */ = {isa = PBXBuildFile; fileRef = 5D0B45BC1CC3B6AA0072859B /* CDHelper.swift */; };
		5D0B45C01CC3BB350072859B /* Model.xcdatamodeld in Sources */ = {isa = PBXBuildFile; fileRef = 5D0B45BE1CC3BB350072859B /* Model.xcdatamodeld */; };
		5D0B45C41CC3BC980072859B /* Message.swift in Sources */ = {isa = PBXBuildFile; fileRef = 5D0B45C21CC3BC980072859B /* Message.swift */; };
		5DA20CFC1C481A540096F3E9 /* AppDelegate.swift in Sources */ = {isa = PBXBuildFile; fileRef = 5DA20CFB1C481A540096F3E9 /* AppDelegate.swift */; };
		5DA20CFE1C481A540096F3E9 /* ChatViewController.swift in Sources */ = {isa = PBXBuildFile; fileRef = 5DA20CFD1C481A540096F3E9 /* ChatViewController.swift */; };
		5DA20D011C481A550096F3E9 /* Main.storyboard in Resources */ = {isa = PBXBuildFile; fileRef = 5DA20CFF1C481A550096F3E9 /* Main.storyboard */; };
		5DA20D031C481A550096F3E9 /* Assets.xcassets in Resources */ = {isa = PBXBuildFile; fileRef = 5DA20D021C481A550096F3E9 /* Assets.xcassets */; };
		5DA20D061C481A550096F3E9 /* LaunchScreen.storyboard in Resources */ = {isa = PBXBuildFile; fileRef = 5DA20D041C481A550096F3E9 /* LaunchScreen.storyboard */; };
		5DCDCEE51CC24C030022EA21 /* UITableView+Scroll.swift in Sources */ = {isa = PBXBuildFile; fileRef = 5DCDCEE41CC24C030022EA21 /* UITableView+Scroll.swift */; };
		5DDD193D1CCCBB51000F6818 /* Contact+CoreDataProperties.swift in Sources */ = {isa = PBXBuildFile; fileRef = 5DDD193B1CCCBB51000F6818 /* Contact+CoreDataProperties.swift */; };
		5DDD193E1CCCBB51000F6818 /* Contact.swift in Sources */ = {isa = PBXBuildFile; fileRef = 5DDD193C1CCCBB51000F6818 /* Contact.swift */; };
		5DDD19401CCCC243000F6818 /* NewChatViewController.swift in Sources */ = {isa = PBXBuildFile; fileRef = 5DDD193F1CCCC243000F6818 /* NewChatViewController.swift */; };
		5DDD19421CCCE2E1000F6818 /* TableViewFetchedResultsDelegate.swift in Sources */ = {isa = PBXBuildFile; fileRef = 5DDD19411CCCE2E1000F6818 /* TableViewFetchedResultsDelegate.swift */; };
		5DDD19441CCCE85A000F6818 /* UIViewController+FillWithView.swift in Sources */ = {isa = PBXBuildFile; fileRef = 5DDD19431CCCE85A000F6818 /* UIViewController+FillWithView.swift */; };
		5DF82E631CC52FB200364D70 /* Chat+CoreDataProperties.swift in Sources */ = {isa = PBXBuildFile; fileRef = 5DF82E601CC52FB200364D70 /* Chat+CoreDataProperties.swift */; };
		5DF82E641CC52FB200364D70 /* Chat.swift in Sources */ = {isa = PBXBuildFile; fileRef = 5DF82E611CC52FB200364D70 /* Chat.swift */; };
		5DF82E661CC52FD900364D70 /* Message+CoreDataProperties.swift in Sources */ = {isa = PBXBuildFile; fileRef = 5DF82E651CC52FD900364D70 /* Message+CoreDataProperties.swift */; };
		5DF82E681CC5328200364D70 /* ChatCell.swift in Sources */ = {isa = PBXBuildFile; fileRef = 5DF82E671CC5328200364D70 /* ChatCell.swift */; };
		5DF82E6A1CC536FD00364D70 /* AllChatsViewController.swift in Sources */ = {isa = PBXBuildFile; fileRef = 5DF82E691CC536FD00364D70 /* AllChatsViewController.swift */; };
/* End PBXBuildFile section */

/* Begin PBXFileReference section */
		5D08AEAC1C8461C2001F20F0 /* MessageCell.swift */ = {isa = PBXFileReference; fileEncoding = 4; lastKnownFileType = sourcecode.swift; name = MessageCell.swift; path = ../MessageCell.swift; sourceTree = "<group>"; };
		5D0B45BC1CC3B6AA0072859B /* CDHelper.swift */ = {isa = PBXFileReference; fileEncoding = 4; lastKnownFileType = sourcecode.swift; path = CDHelper.swift; sourceTree = "<group>"; };
		5D0B45BF1CC3BB350072859B /* Model.xcdatamodel */ = {isa = PBXFileReference; lastKnownFileType = wrapper.xcdatamodel; path = Model.xcdatamodel; sourceTree = "<group>"; };
		5D0B45C21CC3BC980072859B /* Message.swift */ = {isa = PBXFileReference; fileEncoding = 4; lastKnownFileType = sourcecode.swift; path = Message.swift; sourceTree = "<group>"; };
		5DA20CF81C481A540096F3E9 /* WhaleTalk.app */ = {isa = PBXFileReference; explicitFileType = wrapper.application; includeInIndex = 0; path = WhaleTalk.app; sourceTree = BUILT_PRODUCTS_DIR; };
		5DA20CFB1C481A540096F3E9 /* AppDelegate.swift */ = {isa = PBXFileReference; lastKnownFileType = sourcecode.swift; path = AppDelegate.swift; sourceTree = "<group>"; };
		5DA20CFD1C481A540096F3E9 /* ChatViewController.swift */ = {isa = PBXFileReference; lastKnownFileType = sourcecode.swift; path = ChatViewController.swift; sourceTree = "<group>"; };
		5DA20D001C481A550096F3E9 /* Base */ = {isa = PBXFileReference; lastKnownFileType = file.storyboard; name = Base; path = Base.lproj/Main.storyboard; sourceTree = "<group>"; };
		5DA20D021C481A550096F3E9 /* Assets.xcassets */ = {isa = PBXFileReference; lastKnownFileType = folder.assetcatalog; path = Assets.xcassets; sourceTree = "<group>"; };
		5DA20D051C481A550096F3E9 /* Base */ = {isa = PBXFileReference; lastKnownFileType = file.storyboard; name = Base; path = Base.lproj/LaunchScreen.storyboard; sourceTree = "<group>"; };
		5DA20D071C481A550096F3E9 /* Info.plist */ = {isa = PBXFileReference; lastKnownFileType = text.plist.xml; path = Info.plist; sourceTree = "<group>"; };
		5DCDCEE41CC24C030022EA21 /* UITableView+Scroll.swift */ = {isa = PBXFileReference; fileEncoding = 4; lastKnownFileType = sourcecode.swift; name = "UITableView+Scroll.swift"; path = "../UITableView+Scroll.swift"; sourceTree = "<group>"; };
		5DDD193B1CCCBB51000F6818 /* Contact+CoreDataProperties.swift */ = {isa = PBXFileReference; fileEncoding = 4; lastKnownFileType = sourcecode.swift; path = "Contact+CoreDataProperties.swift"; sourceTree = "<group>"; };
		5DDD193C1CCCBB51000F6818 /* Contact.swift */ = {isa = PBXFileReference; fileEncoding = 4; lastKnownFileType = sourcecode.swift; path = Contact.swift; sourceTree = "<group>"; };
		5DDD193F1CCCC243000F6818 /* NewChatViewController.swift */ = {isa = PBXFileReference; fileEncoding = 4; lastKnownFileType = sourcecode.swift; path = NewChatViewController.swift; sourceTree = "<group>"; };
		5DDD19411CCCE2E1000F6818 /* TableViewFetchedResultsDelegate.swift */ = {isa = PBXFileReference; fileEncoding = 4; lastKnownFileType = sourcecode.swift; path = TableViewFetchedResultsDelegate.swift; sourceTree = "<group>"; };
		5DDD19431CCCE85A000F6818 /* UIViewController+FillWithView.swift */ = {isa = PBXFileReference; fileEncoding = 4; lastKnownFileType = sourcecode.swift; path = "UIViewController+FillWithView.swift"; sourceTree = "<group>"; };
		5DF82E601CC52FB200364D70 /* Chat+CoreDataProperties.swift */ = {isa = PBXFileReference; fileEncoding = 4; lastKnownFileType = sourcecode.swift; path = "Chat+CoreDataProperties.swift"; sourceTree = "<group>"; };
		5DF82E611CC52FB200364D70 /* Chat.swift */ = {isa = PBXFileReference; fileEncoding = 4; lastKnownFileType = sourcecode.swift; path = Chat.swift; sourceTree = "<group>"; };
		5DF82E651CC52FD900364D70 /* Message+CoreDataProperties.swift */ = {isa = PBXFileReference; fileEncoding = 4; lastKnownFileType = sourcecode.swift; path = "Message+CoreDataProperties.swift"; sourceTree = "<group>"; };
		5DF82E671CC5328200364D70 /* ChatCell.swift */ = {isa = PBXFileReference; fileEncoding = 4; lastKnownFileType = sourcecode.swift; path = ChatCell.swift; sourceTree = "<group>"; };
		5DF82E691CC536FD00364D70 /* AllChatsViewController.swift */ = {isa = PBXFileReference; fileEncoding = 4; lastKnownFileType = sourcecode.swift; path = AllChatsViewController.swift; sourceTree = "<group>"; };
/* End PBXFileReference section */

/* Begin PBXFrameworksBuildPhase section */
		5DA20CF51C481A540096F3E9 /* Frameworks */ = {
			isa = PBXFrameworksBuildPhase;
			buildActionMask = 2147483647;
			files = (
			);
			runOnlyForDeploymentPostprocessing = 0;
		};
/* End PBXFrameworksBuildPhase section */

/* Begin PBXGroup section */
		5DA20CEF1C481A540096F3E9 = {
			isa = PBXGroup;
			children = (
				5DDD193B1CCCBB51000F6818 /* Contact+CoreDataProperties.swift */,
				5DDD193C1CCCBB51000F6818 /* Contact.swift */,
				5DF82E651CC52FD900364D70 /* Message+CoreDataProperties.swift */,
				5DF82E601CC52FB200364D70 /* Chat+CoreDataProperties.swift */,
				5D0B45C21CC3BC980072859B /* Message.swift */,
				5DF82E611CC52FB200364D70 /* Chat.swift */,
				5DA20CFA1C481A540096F3E9 /* WhaleTalk */,
				5DA20CF91C481A540096F3E9 /* Products */,
			);
			sourceTree = "<group>";
		};
		5DA20CF91C481A540096F3E9 /* Products */ = {
			isa = PBXGroup;
			children = (
				5DA20CF81C481A540096F3E9 /* WhaleTalk.app */,
			);
			name = Products;
			sourceTree = "<group>";
		};
		5DA20CFA1C481A540096F3E9 /* WhaleTalk */ = {
			isa = PBXGroup;
			children = (
				5DA20CFB1C481A540096F3E9 /* AppDelegate.swift */,
				5DA20CFD1C481A540096F3E9 /* ChatViewController.swift */,
				5D08AEAC1C8461C2001F20F0 /* MessageCell.swift */,
				5DF82E691CC536FD00364D70 /* AllChatsViewController.swift */,
				5DDD193F1CCCC243000F6818 /* NewChatViewController.swift */,
				5DF82E671CC5328200364D70 /* ChatCell.swift */,
				5DCDCEE41CC24C030022EA21 /* UITableView+Scroll.swift */,
				5DDD19411CCCE2E1000F6818 /* TableViewFetchedResultsDelegate.swift */,
				5DDD19431CCCE85A000F6818 /* UIViewController+FillWithView.swift */,
				5D0B45BC1CC3B6AA0072859B /* CDHelper.swift */,
				5D0B45BE1CC3BB350072859B /* Model.xcdatamodeld */,
				5DA20CFF1C481A550096F3E9 /* Main.storyboard */,
				5DA20D021C481A550096F3E9 /* Assets.xcassets */,
				5DA20D041C481A550096F3E9 /* LaunchScreen.storyboard */,
				5DA20D071C481A550096F3E9 /* Info.plist */,
			);
			path = WhaleTalk;
			sourceTree = "<group>";
		};
/* End PBXGroup section */

/* Begin PBXNativeTarget section */
		5DA20CF71C481A540096F3E9 /* WhaleTalk */ = {
			isa = PBXNativeTarget;
			buildConfigurationList = 5DA20D0A1C481A550096F3E9 /* Build configuration list for PBXNativeTarget "WhaleTalk" */;
			buildPhases = (
				5DA20CF41C481A540096F3E9 /* Sources */,
				5DA20CF51C481A540096F3E9 /* Frameworks */,
				5DA20CF61C481A540096F3E9 /* Resources */,
			);
			buildRules = (
			);
			dependencies = (
			);
			name = WhaleTalk;
			productName = WhaleTalk;
			productReference = 5DA20CF81C481A540096F3E9 /* WhaleTalk.app */;
			productType = "com.apple.product-type.application";
		};
/* End PBXNativeTarget section */

/* Begin PBXProject section */
		5DA20CF01C481A540096F3E9 /* Project object */ = {
			isa = PBXProject;
			attributes = {
				LastSwiftUpdateCheck = 0720;
				LastUpgradeCheck = 0720;
				ORGANIZATIONNAME = "Koen Hendriks";
				TargetAttributes = {
					5DA20CF71C481A540096F3E9 = {
						CreatedOnToolsVersion = 7.2;
						DevelopmentTeam = B3W6DM2R89;
					};
				};
			};
			buildConfigurationList = 5DA20CF31C481A540096F3E9 /* Build configuration list for PBXProject "WhaleTalk" */;
			compatibilityVersion = "Xcode 3.2";
			developmentRegion = English;
			hasScannedForEncodings = 0;
			knownRegions = (
				en,
				Base,
			);
			mainGroup = 5DA20CEF1C481A540096F3E9;
			productRefGroup = 5DA20CF91C481A540096F3E9 /* Products */;
			projectDirPath = "";
			projectRoot = "";
			targets = (
				5DA20CF71C481A540096F3E9 /* WhaleTalk */,
			);
		};
/* End PBXProject section */

/* Begin PBXResourcesBuildPhase section */
		5DA20CF61C481A540096F3E9 /* Resources */ = {
			isa = PBXResourcesBuildPhase;
			buildActionMask = 2147483647;
			files = (
				5DA20D061C481A550096F3E9 /* LaunchScreen.storyboard in Resources */,
				5DA20D031C481A550096F3E9 /* Assets.xcassets in Resources */,
				5DA20D011C481A550096F3E9 /* Main.storyboard in Resources */,
			);
			runOnlyForDeploymentPostprocessing = 0;
		};
/* End PBXResourcesBuildPhase section */

/* Begin PBXSourcesBuildPhase section */
		5DA20CF41C481A540096F3E9 /* Sources */ = {
			isa = PBXSourcesBuildPhase;
			buildActionMask = 2147483647;
			files = (
				5DCDCEE51CC24C030022EA21 /* UITableView+Scroll.swift in Sources */,
				5D0B45BD1CC3B6AA0072859B /* CDHelper.swift in Sources */,
				5DF82E681CC5328200364D70 /* ChatCell.swift in Sources */,
				5DDD19421CCCE2E1000F6818 /* TableViewFetchedResultsDelegate.swift in Sources */,
				5D0B45C01CC3BB350072859B /* Model.xcdatamodeld in Sources */,
				5DDD19401CCCC243000F6818 /* NewChatViewController.swift in Sources */,
				5D08AEAD1C8461C2001F20F0 /* MessageCell.swift in Sources */,
				5DF82E641CC52FB200364D70 /* Chat.swift in Sources */,
				5DDD193E1CCCBB51000F6818 /* Contact.swift in Sources */,
				5DDD19441CCCE85A000F6818 /* UIViewController+FillWithView.swift in Sources */,
				5DF82E6A1CC536FD00364D70 /* AllChatsViewController.swift in Sources */,
				5DDD193D1CCCBB51000F6818 /* Contact+CoreDataProperties.swift in Sources */,
				5D0B45C41CC3BC980072859B /* Message.swift in Sources */,
				5DF82E631CC52FB200364D70 /* Chat+CoreDataProperties.swift in Sources */,
				5DA20CFE1C481A540096F3E9 /* ChatViewController.swift in Sources */,
				5DF82E661CC52FD900364D70 /* Message+CoreDataProperties.swift in Sources */,
				5DA20CFC1C481A540096F3E9 /* AppDelegate.swift in Sources */,
			);
			runOnlyForDeploymentPostprocessing = 0;
		};
/* End PBXSourcesBuildPhase section */

/* Begin PBXVariantGroup section */
		5DA20CFF1C481A550096F3E9 /* Main.storyboard */ = {
			isa = PBXVariantGroup;
			children = (
				5DA20D001C481A550096F3E9 /* Base */,
			);
			name = Main.storyboard;
			sourceTree = "<group>";
		};
		5DA20D041C481A550096F3E9 /* LaunchScreen.storyboard */ = {
			isa = PBXVariantGroup;
			children = (
				5DA20D051C481A550096F3E9 /* Base */,
			);
			name = LaunchScreen.storyboard;
			sourceTree = "<group>";
		};
/* End PBXVariantGroup section */

/* Begin XCBuildConfiguration section */
		5DA20D081C481A550096F3E9 /* Debug */ = {
			isa = XCBuildConfiguration;
			buildSettings = {
				ALWAYS_SEARCH_USER_PATHS = NO;
				CLANG_CXX_LANGUAGE_STANDARD = "gnu++0x";
				CLANG_CXX_LIBRARY = "libc++";
				CLANG_ENABLE_MODULES = YES;
				CLANG_ENABLE_OBJC_ARC = YES;
				CLANG_WARN_BOOL_CONVERSION = YES;
				CLANG_WARN_CONSTANT_CONVERSION = YES;
				CLANG_WARN_DIRECT_OBJC_ISA_USAGE = YES_ERROR;
				CLANG_WARN_EMPTY_BODY = YES;
				CLANG_WARN_ENUM_CONVERSION = YES;
				CLANG_WARN_INT_CONVERSION = YES;
				CLANG_WARN_OBJC_ROOT_CLASS = YES_ERROR;
				CLANG_WARN_UNREACHABLE_CODE = YES;
				CLANG_WARN__DUPLICATE_METHOD_MATCH = YES;
				"CODE_SIGN_IDENTITY[sdk=iphoneos*]" = "iPhone Developer";
				COPY_PHASE_STRIP = NO;
				DEBUG_INFORMATION_FORMAT = dwarf;
				ENABLE_STRICT_OBJC_MSGSEND = YES;
				ENABLE_TESTABILITY = YES;
				GCC_C_LANGUAGE_STANDARD = gnu99;
				GCC_DYNAMIC_NO_PIC = NO;
				GCC_NO_COMMON_BLOCKS = YES;
				GCC_OPTIMIZATION_LEVEL = 0;
				GCC_PREPROCESSOR_DEFINITIONS = (
					"DEBUG=1",
					"$(inherited)",
				);
				GCC_WARN_64_TO_32_BIT_CONVERSION = YES;
				GCC_WARN_ABOUT_RETURN_TYPE = YES_ERROR;
				GCC_WARN_UNDECLARED_SELECTOR = YES;
				GCC_WARN_UNINITIALIZED_AUTOS = YES_AGGRESSIVE;
				GCC_WARN_UNUSED_FUNCTION = YES;
				GCC_WARN_UNUSED_VARIABLE = YES;
				IPHONEOS_DEPLOYMENT_TARGET = 9.2;
				MTL_ENABLE_DEBUG_INFO = YES;
				ONLY_ACTIVE_ARCH = YES;
				SDKROOT = iphoneos;
				SWIFT_OPTIMIZATION_LEVEL = "-Onone";
				TARGETED_DEVICE_FAMILY = "1,2";
			};
			name = Debug;
		};
		5DA20D091C481A550096F3E9 /* Release */ = {
			isa = XCBuildConfiguration;
			buildSettings = {
				ALWAYS_SEARCH_USER_PATHS = NO;
				CLANG_CXX_LANGUAGE_STANDARD = "gnu++0x";
				CLANG_CXX_LIBRARY = "libc++";
				CLANG_ENABLE_MODULES = YES;
				CLANG_ENABLE_OBJC_ARC = YES;
				CLANG_WARN_BOOL_CONVERSION = YES;
				CLANG_WARN_CONSTANT_CONVERSION = YES;
				CLANG_WARN_DIRECT_OBJC_ISA_USAGE = YES_ERROR;
				CLANG_WARN_EMPTY_BODY = YES;
				CLANG_WARN_ENUM_CONVERSION = YES;
				CLANG_WARN_INT_CONVERSION = YES;
				CLANG_WARN_OBJC_ROOT_CLASS = YES_ERROR;
				CLANG_WARN_UNREACHABLE_CODE = YES;
				CLANG_WARN__DUPLICATE_METHOD_MATCH = YES;
				"CODE_SIGN_IDENTITY[sdk=iphoneos*]" = "iPhone Developer";
				COPY_PHASE_STRIP = NO;
				DEBUG_INFORMATION_FORMAT = "dwarf-with-dsym";
				ENABLE_NS_ASSERTIONS = NO;
				ENABLE_STRICT_OBJC_MSGSEND = YES;
				GCC_C_LANGUAGE_STANDARD = gnu99;
				GCC_NO_COMMON_BLOCKS = YES;
				GCC_WARN_64_TO_32_BIT_CONVERSION = YES;
				GCC_WARN_ABOUT_RETURN_TYPE = YES_ERROR;
				GCC_WARN_UNDECLARED_SELECTOR = YES;
				GCC_WARN_UNINITIALIZED_AUTOS = YES_AGGRESSIVE;
				GCC_WARN_UNUSED_FUNCTION = YES;
				GCC_WARN_UNUSED_VARIABLE = YES;
				IPHONEOS_DEPLOYMENT_TARGET = 9.2;
				MTL_ENABLE_DEBUG_INFO = NO;
				SDKROOT = iphoneos;
				TARGETED_DEVICE_FAMILY = "1,2";
				VALIDATE_PRODUCT = YES;
			};
			name = Release;
		};
		5DA20D0B1C481A550096F3E9 /* Debug */ = {
			isa = XCBuildConfiguration;
			buildSettings = {
				ASSETCATALOG_COMPILER_APPICON_NAME = AppIcon;
				CODE_SIGN_IDENTITY = "iPhone Developer";
				"CODE_SIGN_IDENTITY[sdk=iphoneos*]" = "iPhone Developer";
				INFOPLIST_FILE = WhaleTalk/Info.plist;
				LD_RUNPATH_SEARCH_PATHS = "$(inherited) @executable_path/Frameworks";
				PRODUCT_BUNDLE_IDENTIFIER = com.koenhendriks.WhaleTalk;
				PRODUCT_NAME = "$(TARGET_NAME)";
				PROVISIONING_PROFILE = "";
			};
			name = Debug;
		};
		5DA20D0C1C481A550096F3E9 /* Release */ = {
			isa = XCBuildConfiguration;
			buildSettings = {
				ASSETCATALOG_COMPILER_APPICON_NAME = AppIcon;
				CODE_SIGN_IDENTITY = "iPhone Developer";
				"CODE_SIGN_IDENTITY[sdk=iphoneos*]" = "iPhone Developer";
				INFOPLIST_FILE = WhaleTalk/Info.plist;
				LD_RUNPATH_SEARCH_PATHS = "$(inherited) @executable_path/Frameworks";
				PRODUCT_BUNDLE_IDENTIFIER = com.koenhendriks.WhaleTalk;
				PRODUCT_NAME = "$(TARGET_NAME)";
				PROVISIONING_PROFILE = "";
			};
			name = Release;
		};
/* End XCBuildConfiguration section */

/* Begin XCConfigurationList section */
		5DA20CF31C481A540096F3E9 /* Build configuration list for PBXProject "WhaleTalk" */ = {
			isa = XCConfigurationList;
			buildConfigurations = (
				5DA20D081C481A550096F3E9 /* Debug */,
				5DA20D091C481A550096F3E9 /* Release */,
			);
			defaultConfigurationIsVisible = 0;
			defaultConfigurationName = Release;
		};
		5DA20D0A1C481A550096F3E9 /* Build configuration list for PBXNativeTarget "WhaleTalk" */ = {
			isa = XCConfigurationList;
			buildConfigurations = (
				5DA20D0B1C481A550096F3E9 /* Debug */,
				5DA20D0C1C481A550096F3E9 /* Release */,
			);
			defaultConfigurationIsVisible = 0;
			defaultConfigurationName = Release;
		};
/* End XCConfigurationList section */

/* Begin XCVersionGroup section */
		5D0B45BE1CC3BB350072859B /* Model.xcdatamodeld */ = {
			isa = XCVersionGroup;
			children = (
				5D0B45BF1CC3BB350072859B /* Model.xcdatamodel */,
			);
			currentVersion = 5D0B45BF1CC3BB350072859B /* Model.xcdatamodel */;
			path = Model.xcdatamodeld;
			sourceTree = "<group>";
			versionGroupType = wrapper.xcdatamodel;
		};
/* End XCVersionGroup section */
	};
	rootObject = 5DA20CF01C481A540096F3E9 /* Project object */;
}
